{
  "name": "vidphy-ai",
  "version": "1.0.0",
  "lockfileVersion": 3,
  "requires": true,
  "packages": {
    "": {
      "name": "vidphy-ai",
      "version": "1.0.0",
      "dependencies": {
        "@huggingface/inference": "^4.13.9"
      }
    },
    "node_modules/@huggingface/inference": {
      "version": "4.13.30",
      "resolved": "https://registry.npmjs.org/@huggingface/inference/-/inference-4.13.30.tgz",
      "integrity": "sha512-d5iD7UxHFH5X4ndNhwn3eFT/P9M08RRcsWDoko40//9lgNCCCn87TziwcKWf7ztvoKOm8d29W+lrYO4ZZvyAnA==",
      "license": "MIT",
      "dependencies": {
        "@huggingface/jinja": "^0.5.10",
        "@huggingface/tasks": "^0.21.46"
      },
      "engines": {
        "node": ">=18"
      }
    },
    "node_modules/@huggingface/jinja": {
      "version": "0.5.10",
      "resolved": "https://registry.npmjs.org/@huggingface/jinja/-/jinja-0.5.10.tgz",
      "integrity": "sha512-SgS1D1bglQ94ceD4ZCL6eayUDy9uV1xuyk61OjgSxU5GJh7upqZCKII0JoTYMc6wWsg3JUgaPRX0ElQzXPk3Cw==",
      "license": "MIT",
      "engines": {
        "node": ">=18"
      }
    },
    "node_modules/@huggingface/tasks": {
      "version": "0.21.48",
      "resolved": "https://registry.npmjs.org/@huggingface/tasks/-/tasks-0.21.48.tgz",
      "integrity": "sha512-+ujPTb9irMxsiCYjL2Jpjs0+aCioJTTYA8Pp/I/+fm2LenzL3tDOs2/0ELj5phMAUDVoOozLviy4y/e7mBltxA==",
      "license": "MIT"
    }
  }
}
